{
  "name": "hyp-did-cli",
  "version": "1.0.0",
  "lockfileVersion": 2,
  "requires": true,
  "packages": {
    "": {
      "name": "hyp-did-cli",
      "version": "1.0.0",
      "license": "MIT",
      "dependencies": {
        "chalk": "^5.0.1",
        "subcommand": "^2.1.1"
      },
      "bin": {
        "hyp-did": "hyp-did.js"
      }
    },
    "node_modules/chalk": {
      "version": "5.0.1",
      "resolved": "https://registry.npmjs.org/chalk/-/chalk-5.0.1.tgz",
      "integrity": "sha512-Fo07WOYGqMfCWHOzSXOt2CxDbC6skS/jO9ynEcmpANMoPrD+W1r1K6Vx7iNm+AQmETU1Xr2t+n8nzkV9t6xh3w==",
      "engines": {
        "node": "^12.17.0 || ^14.13 || >=16.0.0"
      },
      "funding": {
        "url": "https://github.com/chalk/chalk?sponsor=1"
      }
    },
    "node_modules/cliclopts": {
      "version": "1.1.1",
      "resolved": "https://registry.npmjs.org/cliclopts/-/cliclopts-1.1.1.tgz",
      "integrity": "sha1-aUMcfLWvcjd0sNORG0w3USQxkQ8="
    },
    "node_modules/debug": {
      "version": "4.3.4",
      "resolved": "https://registry.npmjs.org/debug/-/debug-4.3.4.tgz",
      "integrity": "sha512-PRWFHuSU3eDtQJPvnNY7Jcket1j0t5OuOsFzPPzsekD52Zl8qUfFIPEiswXqIvHWGVHOgX+7G/vCNNhehwxfkQ==",
      "dependencies": {
        "ms": "2.1.2"
      },
      "engines": {
        "node": ">=6.0"
      },
      "peerDependenciesMeta": {
        "supports-color": {
          "optional": true
        }
      }
    },
    "node_modules/minimist": {
      "version": "1.2.6",
      "resolved": "https://registry.npmjs.org/minimist/-/minimist-1.2.6.tgz",
      "integrity": "sha512-Jsjnk4bw3YJqYzbdyBiNsPWHPfO++UGG749Cxs6peCu5Xg4nrena6OVxOYxrQTqww0Jmwt+Ref8rggumkTLz9Q=="
    },
    "node_modules/ms": {
      "version": "2.1.2",
      "resolved": "https://registry.npmjs.org/ms/-/ms-2.1.2.tgz",
      "integrity": "sha512-sGkPx+VjMtmA6MX27oA4FBFELFCZZ4S4XqeGOXCv68tT+jb3vk/RyaKWP0PTKyWtmLSM0b+adUTEvbs1PEaH2w=="
    },
    "node_modules/subcommand": {
      "version": "2.1.1",
      "resolved": "https://registry.npmjs.org/subcommand/-/subcommand-2.1.1.tgz",
      "integrity": "sha512-cm7TQq9I8dA5LKUr+r8W7RzQlLsmTdCr6wXmjYueOoh/bQu55ODEw7GFhT42pUyoaLtO2rgmx1+8cSIjY9lR9g==",
      "dependencies": {
        "cliclopts": "^1.1.0",
        "debug": "^4.1.1",
        "minimist": "^1.2.0"
      }
    }
  },
  "dependencies": {
    "chalk": {
      "version": "5.0.1",
      "resolved": "https://registry.npmjs.org/chalk/-/chalk-5.0.1.tgz",
      "integrity": "sha512-Fo07WOYGqMfCWHOzSXOt2CxDbC6skS/jO9ynEcmpANMoPrD+W1r1K6Vx7iNm+AQmETU1Xr2t+n8nzkV9t6xh3w=="
    },
    "cliclopts": {
      "version": "1.1.1",
      "resolved": "https://registry.npmjs.org/cliclopts/-/cliclopts-1.1.1.tgz",
      "integrity": "sha1-aUMcfLWvcjd0sNORG0w3USQxkQ8="
    },
    "debug": {
      "version": "4.3.4",
      "resolved": "https://registry.npmjs.org/debug/-/debug-4.3.4.tgz",
      "integrity": "sha512-PRWFHuSU3eDtQJPvnNY7Jcket1j0t5OuOsFzPPzsekD52Zl8qUfFIPEiswXqIvHWGVHOgX+7G/vCNNhehwxfkQ==",
      "requires": {
        "ms": "2.1.2"
      }
    },
    "minimist": {
      "version": "1.2.6",
      "resolved": "https://registry.npmjs.org/minimist/-/minimist-1.2.6.tgz",
      "integrity": "sha512-Jsjnk4bw3YJqYzbdyBiNsPWHPfO++UGG749Cxs6peCu5Xg4nrena6OVxOYxrQTqww0Jmwt+Ref8rggumkTLz9Q=="
    },
    "ms": {
      "version": "2.1.2",
      "resolved": "https://registry.npmjs.org/ms/-/ms-2.1.2.tgz",
      "integrity": "sha512-sGkPx+VjMtmA6MX27oA4FBFELFCZZ4S4XqeGOXCv68tT+jb3vk/RyaKWP0PTKyWtmLSM0b+adUTEvbs1PEaH2w=="
    },
    "subcommand": {
      "version": "2.1.1",
      "resolved": "https://registry.npmjs.org/subcommand/-/subcommand-2.1.1.tgz",
      "integrity": "sha512-cm7TQq9I8dA5LKUr+r8W7RzQlLsmTdCr6wXmjYueOoh/bQu55ODEw7GFhT42pUyoaLtO2rgmx1+8cSIjY9lR9g==",
      "requires": {
        "cliclopts": "^1.1.0",
        "debug": "^4.1.1",
        "minimist": "^1.2.0"
      }
    }
  }
}
