{
  "name": "jlinx-app",
  "version": "1.0.0",
  "lockfileVersion": 2,
  "requires": true,
  "packages": {
    "": {
      "name": "jlinx-app",
      "version": "1.0.0",
      "license": "MIT",
      "dependencies": {
        "debug": "^4.3.4",
        "jlinx-client": "file:../client",
        "jlinx-core": "file:../core",
        "jlinx-server": "file:../server"
      }
    },
    "../client": {
      "name": "jlinx-client",
      "version": "1.0.0",
      "license": "MIT",
      "dependencies": {
        "@jlinc/jwt": "^1.0.3",
        "autobase": "^1.0.0-alpha.8",
        "debug": "^4.3.4",
        "ini": "^3.0.0",
        "jlinx-core": "file:../core",
        "urlsafe-base64": "^1.0.0"
      }
    },
    "../core": {
      "version": "1.0.0",
      "license": "MIT",
      "dependencies": {
        "b4a": "^1.3.0",
        "debug": "^4.3.4",
        "ini": "^3.0.0",
        "safety-catch": "^1.0.1",
        "sodium-universal": "^3.0.4",
        "urlsafe-base64": "^1.0.0"
      }
    },
    "../server": {
      "name": "jlinx",
      "version": "1.0.0",
      "license": "MIT",
      "dependencies": {
        "@jlinc/jwt": "^1.0.3",
        "autobase": "^1.0.0-alpha.8",
        "corestore": "^6.0.1-alpha.9",
        "debug": "^4.3.4",
        "hyperswarm": "github:hyperswarm/hyperswarm#v3.0.4",
        "ini": "^3.0.0",
        "jlinx-core": "file:../core",
        "urlsafe-base64": "^1.0.0"
      }
    },
    "node_modules/debug": {
      "version": "4.3.4",
      "resolved": "https://registry.npmjs.org/debug/-/debug-4.3.4.tgz",
      "integrity": "sha512-PRWFHuSU3eDtQJPvnNY7Jcket1j0t5OuOsFzPPzsekD52Zl8qUfFIPEiswXqIvHWGVHOgX+7G/vCNNhehwxfkQ==",
      "dependencies": {
        "ms": "2.1.2"
      },
      "engines": {
        "node": ">=6.0"
      },
      "peerDependenciesMeta": {
        "supports-color": {
          "optional": true
        }
      }
    },
    "node_modules/jlinx-client": {
      "resolved": "../client",
      "link": true
    },
    "node_modules/jlinx-core": {
      "resolved": "../core",
      "link": true
    },
    "node_modules/jlinx-server": {
      "resolved": "../server",
      "link": true
    },
    "node_modules/ms": {
      "version": "2.1.2",
      "resolved": "https://registry.npmjs.org/ms/-/ms-2.1.2.tgz",
      "integrity": "sha512-sGkPx+VjMtmA6MX27oA4FBFELFCZZ4S4XqeGOXCv68tT+jb3vk/RyaKWP0PTKyWtmLSM0b+adUTEvbs1PEaH2w=="
    }
  },
  "dependencies": {
    "debug": {
      "version": "4.3.4",
      "resolved": "https://registry.npmjs.org/debug/-/debug-4.3.4.tgz",
      "integrity": "sha512-PRWFHuSU3eDtQJPvnNY7Jcket1j0t5OuOsFzPPzsekD52Zl8qUfFIPEiswXqIvHWGVHOgX+7G/vCNNhehwxfkQ==",
      "requires": {
        "ms": "2.1.2"
      }
    },
    "jlinx-client": {
      "version": "file:../client",
      "requires": {
        "@jlinc/jwt": "^1.0.3",
        "autobase": "^1.0.0-alpha.8",
        "debug": "^4.3.4",
        "ini": "^3.0.0",
        "jlinx-core": "file:../core",
        "urlsafe-base64": "^1.0.0"
      }
    },
    "jlinx-core": {
      "version": "file:../core",
      "requires": {
        "b4a": "^1.3.0",
        "debug": "^4.3.4",
        "ini": "^3.0.0",
        "safety-catch": "^1.0.1",
        "sodium-universal": "^3.0.4",
        "urlsafe-base64": "^1.0.0"
      }
    },
    "jlinx-server": {
      "version": "file:../server",
      "requires": {
        "@jlinc/jwt": "^1.0.3",
        "autobase": "^1.0.0-alpha.8",
        "corestore": "^6.0.1-alpha.9",
        "debug": "^4.3.4",
        "hyperswarm": "github:hyperswarm/hyperswarm#v3.0.4",
        "ini": "^3.0.0",
        "jlinx-core": "file:../core",
        "urlsafe-base64": "^1.0.0"
      }
    },
    "ms": {
      "version": "2.1.2",
      "resolved": "https://registry.npmjs.org/ms/-/ms-2.1.2.tgz",
      "integrity": "sha512-sGkPx+VjMtmA6MX27oA4FBFELFCZZ4S4XqeGOXCv68tT+jb3vk/RyaKWP0PTKyWtmLSM0b+adUTEvbs1PEaH2w=="
    }
  }
}
